
Microsoft Visual Studio Solution File, Format Version 12.00
# Visual Studio Version 17
VisualStudioVersion = 17.7.34031.279
MinimumVisualStudioVersion = 10.0.40219.1
Project("{FAE04EC0-301F-11D3-BF4B-00C04F79EFBC}") = "ICLab", "ICLab\ICLab.csproj", "{28603036-E4F6-4D47-8632-FB739E11AD73}"
EndProject
Global
	GlobalSection(SolutionConfigurationPlatforms) = preSolution
		Debug|Any CPU = Debug|Any CPU
		Debug|x86 = Debug|x86
		Release|Any CPU = Release|Any CPU
		Release|x86 = Release|x86
	EndGlobalSection
	GlobalSection(ProjectConfigurationPlatforms) = postSolution
		{28603036-E4F6-4D47-8632-FB739E11AD73}.Debug|Any CPU.ActiveCfg = Debug|Any CPU
		{28603036-E4F6-4D47-8632-FB739E11AD73}.Debug|Any CPU.Build.0 = Debug|Any CPU
		{28603036-E4F6-4D47-8632-FB739E11AD73}.Debug|x86.ActiveCfg = Debug|x86
		{28603036-E4F6-4D47-8632-FB739E11AD73}.Debug|x86.Build.0 = Debug|x86
		{28603036-E4F6-4D47-8632-FB739E11AD73}.Release|Any CPU.ActiveCfg = Release|Any CPU
		{28603036-E4F6-4D47-8632-FB739E11AD73}.Release|Any CPU.Build.0 = Release|Any CPU
		{28603036-E4F6-4D47-8632-FB739E11AD73}.Release|x86.ActiveCfg = Release|x86
		{28603036-E4F6-4D47-8632-FB739E11AD73}.Release|x86.Build.0 = Release|x86
	EndGlobalSection
	GlobalSection(SolutionProperties) = preSolution
		HideSolutionNode = FALSE
	EndGlobalSection
	GlobalSection(ExtensibilityGlobals) = postSolution
		SolutionGuid = {0F61E87E-61B3-46C7-ACD4-41D141251AA0}
	EndGlobalSection
EndGlobal
